# THIS IS AN AUTOGENERATED FILE. DO NOT EDIT THIS FILE DIRECTLY.
# yarn lockfile v1


"@fortawesome/fontawesome-common-types@^0.2.18":
  version "0.2.18"
  resolved "https://registry.yarnpkg.com/@fortawesome/fontawesome-common-types/-/fontawesome-common-types-0.2.18.tgz#c0d8f073a5116b2de0a2c8a7aba66093a6956ce7"
  integrity sha512-834DrzO2Ne3upCW+mJJPC/E6BsFcj+2Z1HmPIhbpbj8UaKmXWum4NClqLpUiMetugRlHuG4jbIHNdv2/lc3c1Q==

"@fortawesome/fontawesome-free@^5.8.1":
  version "5.8.1"
  resolved "https://registry.yarnpkg.com/@fortawesome/fontawesome-free/-/fontawesome-free-5.8.1.tgz#cbafbfe8894c4e3e3c3a9da6774e249ac1f2da8b"
  integrity sha512-GJtx6e55qLEOy2gPOsok2lohjpdWNGrYGtQx0FFT/++K4SYx+Z8LlPHdQBaFzKEwH5IbBB4fNgb//uyZjgYXoA==

"@fortawesome/fontawesome-svg-core@^1.2.18":
  version "1.2.18"
  resolved "https://registry.yarnpkg.com/@fortawesome/fontawesome-svg-core/-/fontawesome-svg-core-1.2.18.tgz#c26cbded461895ebe260f0dea771ca29d8cb3517"
  integrity sha512-1vyLWVQqxQ8q8bA2zgZcljk3RkeELlDJ757ymLk+ebK019AFgEFH5kTnR5OMN1SFsTwW1OHlFQO3VufdeCg/Gg==
  dependencies:
    "@fortawesome/fontawesome-common-types" "^0.2.18"

"@fortawesome/free-solid-svg-icons@^5.8.2":
  version "5.8.2"
  resolved "https://registry.yarnpkg.com/@fortawesome/free-solid-svg-icons/-/free-solid-svg-icons-5.8.2.tgz#aa2f042f73aca43eb4a26149907e63bf26d2e31c"
  integrity sha512-5tF6WOFlqqO95zY5ukSB6jliDa3jnk1p5L4K/a58ccDFsbjSkhfGuvZkRkeWxH8uMms81pZd6yQTwQrkedeJmg==
  dependencies:
    "@fortawesome/fontawesome-common-types" "^0.2.18"

"@fortawesome/vue-fontawesome@^0.1.6":
  version "0.1.6"
  resolved "https://registry.yarnpkg.com/@fortawesome/vue-fontawesome/-/vue-fontawesome-0.1.6.tgz#18a0f4263b90f65180fc927325ba01896276ea04"
  integrity sha512-HAGRbrOuGDwwUmCYdpzR0hhNQ3EE30dOS4JiJKcoZ+S4M210CxyU0OXCgzIg3HzK/23rlpHbV8zi9PDDZDnuIw==

"@types/geojson@*":
  version "7946.0.7"
  resolved "https://registry.yarnpkg.com/@types/geojson/-/geojson-7946.0.7.tgz#c8fa532b60a0042219cdf173ca21a975ef0666ad"
  integrity sha512-wE2v81i4C4Ol09RtsWFAqg3BUitWbHSpSlIo+bNdsCJijO9sjme+zm+73ZMCa/qMC8UEERxzGbvmr1cffo2SiQ==

"@types/leaflet@^1.4.4":
  version "1.4.4"
  resolved "https://registry.yarnpkg.com/@types/leaflet/-/leaflet-1.4.4.tgz#4a3d9815fe6c32a04ac3a230fe23772be8e0de83"
  integrity sha512-CROxHvsRDFyR1OQKZv/WJsCVFv8Wj6wFF/FOI/yiGwX7GMivyvF8Ks5AT3/JYk269pGiE43wP9JOgcr7EK2eUw==
  dependencies:
    "@types/geojson" "*"

ajv-errors@^1.0.0:
  version "1.0.1"
  resolved "https://registry.yarnpkg.com/ajv-errors/-/ajv-errors-1.0.1.tgz#f35986aceb91afadec4102fbd85014950cefa64d"
  integrity sha512-DCRfO/4nQ+89p/RK43i8Ezd41EqdGIU4ld7nGF8OQ14oc/we5rEntLCUa7+jrn3nn83BosfwZA0wb4pon2o8iQ==

ajv-keywords@^3.1.0:
  version "3.4.0"
  resolved "https://registry.yarnpkg.com/ajv-keywords/-/ajv-keywords-3.4.0.tgz#4b831e7b531415a7cc518cd404e73f6193c6349d"
  integrity sha512-aUjdRFISbuFOl0EIZc+9e4FfZp0bDZgAdOOf30bJmw8VM9v84SHyVyxDfbWxpGYbdZD/9XoKxfHVNmxPkhwyGw==

ajv@^6.1.0:
  version "6.10.0"
  resolved "https://registry.yarnpkg.com/ajv/-/ajv-6.10.0.tgz#90d0d54439da587cd7e843bfb7045f50bd22bdf1"
  integrity sha512-nffhOpkymDECQyR0mnsUtoCE8RlX38G0rYP+wgLWFyZuUyuuojSSvi/+euOiQBIn63whYwYVIIH1TvE3tu4OEg==
  dependencies:
    fast-deep-equal "^2.0.1"
    fast-json-stable-stringify "^2.0.0"
    json-schema-traverse "^0.4.1"
    uri-js "^4.2.2"

axios@^0.15.3:
  version "0.15.3"
  resolved "https://registry.yarnpkg.com/axios/-/axios-0.15.3.tgz#2c9d638b2e191a08ea1d6cc988eadd6ba5bdc053"
  integrity sha1-LJ1jiy4ZGgjqHWzJiOrda6W9wFM=
  dependencies:
    follow-redirects "1.0.0"

axios@^0.18.0:
  version "0.18.0"
  resolved "https://registry.yarnpkg.com/axios/-/axios-0.18.0.tgz#32d53e4851efdc0a11993b6cd000789d70c05102"
  integrity sha1-MtU+SFHv3AoRmTts0AB4nXDAUQI=
  dependencies:
    follow-redirects "^1.3.0"
    is-buffer "^1.1.5"

big.js@^5.2.2:
  version "5.2.2"
  resolved "https://registry.yarnpkg.com/big.js/-/big.js-5.2.2.tgz#65f0af382f578bcdc742bd9c281e9cb2d7768328"
  integrity sha512-vyL2OymJxmarO8gxMr0mhChsO9QGwhynfuu4+MHTAW6czfq9humCB7rKpUjDd9YUiDPU4mzpyupFSvOClAwbmQ==

bulma-rtl@^0.7.1:
  version "0.7.1"
  resolved "https://registry.yarnpkg.com/bulma-rtl/-/bulma-rtl-0.7.1.tgz#7e589f3cd8ffcdf8fb507996279a812ebf79f91f"
  integrity sha512-Gjsmzc3ZAzIAqfCguFxlkFn4OKFhNZ5G67GdQScxhJHyOPYEYWdsKbPG9N+mau4BjkV6pNrNxzDonxiXyGHT5A==

debug@^2.2.0:
  version "2.6.9"
  resolved "https://registry.yarnpkg.com/debug/-/debug-2.6.9.tgz#5d128515df134ff327e90a4c93f4e077a536341f"
  integrity sha512-bC7ElrdJaJnPbAP+1EotYvqZsb3ecl5wi6Bfi6BJTUcNowp6cvspg0jXznRTKDjm/E7AdgFBVeAPVMNcKGsHMA==
  dependencies:
    ms "2.0.0"

debug@^3.2.6:
  version "3.2.6"
  resolved "https://registry.yarnpkg.com/debug/-/debug-3.2.6.tgz#e83d17de16d8a7efb7717edbe5fb10135eee629b"
  integrity sha512-mel+jf7nrtEl5Pn1Qx46zARXKDpBbvzezse7p7LqINmdoIk8PYP5SySaxEmYv6TZ0JyEKA1hsCId6DIhgITtWQ==
  dependencies:
    ms "^2.1.1"

emojis-list@^2.0.0:
  version "2.1.0"
  resolved "https://registry.yarnpkg.com/emojis-list/-/emojis-list-2.1.0.tgz#4daa4d9db00f9819880c79fa457ae5b09a1fd389"
  integrity sha1-TapNnbAPmBmIDHn6RXrlsJof04k=

fast-deep-equal@^2.0.1:
  version "2.0.1"
  resolved "https://registry.yarnpkg.com/fast-deep-equal/-/fast-deep-equal-2.0.1.tgz#7b05218ddf9667bf7f370bf7fdb2cb15fdd0aa49"
  integrity sha1-ewUhjd+WZ79/Nwv3/bLLFf3Qqkk=

fast-json-stable-stringify@^2.0.0:
  version "2.0.0"
  resolved "https://registry.yarnpkg.com/fast-json-stable-stringify/-/fast-json-stable-stringify-2.0.0.tgz#d5142c0caee6b1189f87d3a76111064f86c8bbf2"
  integrity sha1-1RQsDK7msRifh9OnYREGT4bIu/I=

follow-redirects@1.0.0:
  version "1.0.0"
  resolved "https://registry.yarnpkg.com/follow-redirects/-/follow-redirects-1.0.0.tgz#8e34298cbd2e176f254effec75a1c78cc849fd37"
  integrity sha1-jjQpjL0uF28lTv/sdaHHjMhJ/Tc=
  dependencies:
    debug "^2.2.0"

follow-redirects@^1.3.0:
  version "1.7.0"
  resolved "https://registry.yarnpkg.com/follow-redirects/-/follow-redirects-1.7.0.tgz#489ebc198dc0e7f64167bd23b03c4c19b5784c76"
  integrity sha512-m/pZQy4Gj287eNy94nivy5wchN3Kp+Q5WgUPNy5lJSZ3sgkVKSYV/ZChMAQVIgx1SqfZ2zBZtPA2YlXIWxxJOQ==
  dependencies:
    debug "^3.2.6"

is-buffer@^1.1.5:
  version "1.1.6"
  resolved "https://registry.yarnpkg.com/is-buffer/-/is-buffer-1.1.6.tgz#efaa2ea9daa0d7ab2ea13a97b2b8ad51fefbe8be"
  integrity sha512-NcdALwpXkTm5Zvvbk7owOUSvVvBKDgKP5/ewfXEznmQFfs4ZRmanOeKBTjRVjka3QFoN6XJ+9F3USqfHqTaU5w==

json-schema-traverse@^0.4.1:
  version "0.4.1"
  resolved "https://registry.yarnpkg.com/json-schema-traverse/-/json-schema-traverse-0.4.1.tgz#69f6a87d9513ab8bb8fe63bdb0979c448e684660"
  integrity sha512-xbbCH5dCYU5T8LcEhhuh7HJ88HXuW3qsI3Y0zOZFKfZEHcpWiHU/Jxzk629Brsab/mMiHQti9wMP+845RPe3Vg==

json5@^1.0.1:
  version "1.0.1"
  resolved "https://registry.yarnpkg.com/json5/-/json5-1.0.1.tgz#779fb0018604fa854eacbf6252180d83543e3dbe"
  integrity sha512-aKS4WQjPenRxiQsC93MNfjx+nbF4PAdYzmd/1JIj8HYzqfbu86beTuNgXDzPknWk0n0uARlyewZo4s++ES36Ow==
  dependencies:
    minimist "^1.2.0"

leaflet.icon.glyph@^0.2.1:
  version "0.2.1"
  resolved "https://registry.yarnpkg.com/leaflet.icon.glyph/-/leaflet.icon.glyph-0.2.1.tgz#2e1bc790bc459c9a6d36ad50dbc5373ad9d44697"
  integrity sha512-a4uT38ydOgmrMXmAtAdyNhAfdz5yiTBlVVfZ+SI6f+gPFzdROvAN8b+LgfjTlOU2Jjbq5XvPXI6QKMsxnob+kQ==

leaflet@^1.4.0:
  version "1.4.0"
  resolved "https://registry.yarnpkg.com/leaflet/-/leaflet-1.4.0.tgz#d5f56eeb2aa32787c24011e8be4c77e362ae171b"
  integrity sha512-x9j9tGY1+PDLN9pcWTx9/y6C5nezoTMB8BLK5jTakx+H7bPlnbCHfi9Hjg+Qt36sgDz/cb9lrSpNQXmk45Tvhw==

loader-utils@^1.1.0:
  version "1.2.3"
  resolved "https://registry.yarnpkg.com/loader-utils/-/loader-utils-1.2.3.tgz#1ff5dc6911c9f0a062531a4c04b609406108c2c7"
  integrity sha512-fkpz8ejdnEMG3s37wGL07iSBDg99O9D5yflE9RGNH3hRdx9SOwYfnGYdZOUIZitN8E+E2vkq3MUMYMvPYl5ZZA==
  dependencies:
    big.js "^5.2.2"
    emojis-list "^2.0.0"
    json5 "^1.0.1"

lodash@^4.17.19:
  version "4.17.19"
  resolved "https://registry.yarnpkg.com/lodash/-/lodash-4.17.19.tgz#e48ddedbe30b3321783c5b4301fbd353bc1e4a4b"
  integrity sha512-JNvd8XER9GQX0v2qJgsaN/mzFCNA5BRe/j8JN9d+tWyGLSodKQHKFicdwNYzWwI3wjRnaKPsGj1XkBjx/F96DQ==

mime@^2.0.3:
  version "2.4.3"
  resolved "https://registry.yarnpkg.com/mime/-/mime-2.4.3.tgz#229687331e86f68924e6cb59e1cdd937f18275fe"
  integrity sha512-QgrPRJfE+riq5TPZMcHZOtm8c6K/yYrMbKIoRfapfiGLxS8OTeIfRhUGW5LU7MlRa52KOAGCfUNruqLrIBvWZw==

minimist@^1.2.0:
  version "1.2.0"
  resolved "https://registry.yarnpkg.com/minimist/-/minimist-1.2.0.tgz#a35008b20f41383eec1fb914f4cd5df79a264284"
  integrity sha1-o1AIsg9BOD7sH7kU9M1d95omQoQ=

ms@2.0.0:
  version "2.0.0"
  resolved "https://registry.yarnpkg.com/ms/-/ms-2.0.0.tgz#5608aeadfc00be6c2901df5f9861788de0d597c8"
  integrity sha1-VgiurfwAvmwpAd9fmGF4jeDVl8g=

ms@^2.1.1:
  version "2.1.1"
  resolved "https://registry.yarnpkg.com/ms/-/ms-2.1.1.tgz#30a5864eb3ebb0a66f2ebe6d727af06a09d86e0a"
  integrity sha512-tgp+dl5cGk28utYktBsrFqA7HKgrhgPsg6Z/EfhWI4gl1Hwq8B/GmY/0oXZ6nF8hDVesS/FpnYaD/kOWhYQvyg==

punycode@^2.1.0:
  version "2.1.1"
  resolved "https://registry.yarnpkg.com/punycode/-/punycode-2.1.1.tgz#b58b010ac40c22c5657616c8d2c2c02c7bf479ec"
  integrity sha512-XRsRjdf+j5ml+y/6GKHPZbrF/8p2Yga0JPtdqTIY2Xe5ohJPD9saDJJLPvp9+NSBprVvevdXZybnj2cv8OEd0A==

schema-utils@^1.0.0:
  version "1.0.0"
  resolved "https://registry.yarnpkg.com/schema-utils/-/schema-utils-1.0.0.tgz#0b79a93204d7b600d4b2850d1f66c2a34951c770"
  integrity sha512-i27Mic4KovM/lnGsy8whRCHhc7VicJajAjTrYg11K9zfZXnYIt4k5F+kZkwjnrhKzLic/HLU4j11mjsz2G/75g==
  dependencies:
    ajv "^6.1.0"
    ajv-errors "^1.0.0"
    ajv-keywords "^3.1.0"

uri-js@^4.2.2:
  version "4.2.2"
  resolved "https://registry.yarnpkg.com/uri-js/-/uri-js-4.2.2.tgz#94c540e1ff772956e2299507c010aea6c8838eb0"
  integrity sha512-KY9Frmirql91X2Qgjry0Wd4Y+YTdrdZheS8TFwvkbLWf/G5KNJDCh6pKL5OZctEW4+0Baa5idK2ZQuELRwPznQ==
  dependencies:
    punycode "^2.1.0"

url-loader@^1.1.2:
  version "1.1.2"
  resolved "https://registry.yarnpkg.com/url-loader/-/url-loader-1.1.2.tgz#b971d191b83af693c5e3fea4064be9e1f2d7f8d8"
  integrity sha512-dXHkKmw8FhPqu8asTc1puBfe3TehOCo2+RmOOev5suNCIYBcT626kxiWg1NBVkwc4rO8BGa7gP70W7VXuqHrjg==
  dependencies:
    loader-utils "^1.1.0"
    mime "^2.0.3"
    schema-utils "^1.0.0"

vue2-leaflet@^2.0.2:
  version "2.1.1"
  resolved "https://registry.yarnpkg.com/vue2-leaflet/-/vue2-leaflet-2.1.1.tgz#33ec8920bd1e273b312209a84ce355021226ee79"
  integrity sha512-boJIObTHJOtiLqPDtcL8FdQMr/PLDyZ6/InQBU13mcmNtn4/hvzbyqLmVtvWbRFeGOifAMkJBlbj3gLjrhFdmw==

vue@^2.6.10:
  version "2.6.10"
  resolved "https://registry.yarnpkg.com/vue/-/vue-2.6.10.tgz#a72b1a42a4d82a721ea438d1b6bf55e66195c637"
  integrity sha512-ImThpeNU9HbdZL3utgMCq0oiMzAkt1mcgy3/E6zWC/G6AaQoeuFdsl9nDhTDU3X1R6FK7nsIUuRACVcjI+A2GQ==

vuetable-2@^2.0.0-beta.4:
  version "2.0.0-beta.4"
  resolved "https://registry.yarnpkg.com/vuetable-2/-/vuetable-2-2.0.0-beta.4.tgz#474a28dfbf9372e88b34b0659f4b524bc19aa676"
  integrity sha512-sWSdKIPYiATI9hOuPlQ09iSWEFAfhe6sPovl4hK2SemvqvgxLIF8UjG3LwJJC7idWS9UPpK9fRrSXoFJhRcluQ==
  dependencies:
    axios "^0.15.3"
